# Copyright 2025 Google LLC
#
# Licensed under the Apache License, Version 2.0 (the "License");
# you may not use this file except in compliance with the License.
# You may obtain a copy of the License at
#
#      http://www.apache.org/licenses/LICENSE-2.0
#
# Unless required by applicable law or agreed to in writing, software
# distributed under the License is distributed on an "AS IS" BASIS,
# WITHOUT WARRANTIES OR CONDITIONS OF ANY KIND, either express or implied.
# See the License for the specific language governing permissions and
# limitations under the License.
docker:
  image: gcr.io/cloud-devrel-public-resources/owlbot-nodejs:latest
  digest: sha256:bb3dc6c75c5f3e1a8928474f2dc8d9bbfa7b809045515764b9ff48c070cf2321
# created: 2025-11-03T16:03:37.116278509Z
